
Microsoft Visual Studio Solution File, Format Version 12.00
# Visual Studio Version 16
VisualStudioVersion = 16.0.32228.343
MinimumVisualStudioVersion = 10.0.40219.1
Project("{FAE04EC0-301F-11D3-BF4B-00C04F79EFBC}") = "SF_Module15", "SF_Module15\SF_Module15.csproj", "{FE6AF691-691C-46A8-8B5E-6E067BBE3E10}"
EndProject
Global
	GlobalSection(SolutionConfigurationPlatforms) = preSolution
		Debug|Any CPU = Debug|Any CPU
		Release|Any CPU = Release|Any CPU
	EndGlobalSection
	GlobalSection(ProjectConfigurationPlatforms) = postSolution
		{FE6AF691-691C-46A8-8B5E-6E067BBE3E10}.Debug|Any CPU.ActiveCfg = Debug|Any CPU
		{FE6AF691-691C-46A8-8B5E-6E067BBE3E10}.Debug|Any CPU.Build.0 = Debug|Any CPU
		{FE6AF691-691C-46A8-8B5E-6E067BBE3E10}.Release|Any CPU.ActiveCfg = Release|Any CPU
		{FE6AF691-691C-46A8-8B5E-6E067BBE3E10}.Release|Any CPU.Build.0 = Release|Any CPU
	EndGlobalSection
	GlobalSection(SolutionProperties) = preSolution
		HideSolutionNode = FALSE
	EndGlobalSection
	GlobalSection(ExtensibilityGlobals) = postSolution
		SolutionGuid = {D852B069-821F-4F59-891F-CC3BA1A17FC1}
	EndGlobalSection
EndGlobal
